Microsoft Visual Studio Solution File, Format Version 12.00
# Visual Studio Version 17
VisualStudioVersion = 17.5.2.0
MinimumVisualStudioVersion = 10.0.40219.1
Project("{FAE04EC0-301F-11D3-BF4B-00C04F79EFBC}") = "Trips", "Trips.csproj", "{9FB083E8-E023-A8B2-915D-5C330348DDE3}"
EndProject
Global
	GlobalSection(SolutionConfigurationPlatforms) = preSolution
		Debug|Any CPU = Debug|Any CPU
		Release|Any CPU = Release|Any CPU
	EndGlobalSection
	GlobalSection(ProjectConfigurationPlatforms) = postSolution
		{9FB083E8-E023-A8B2-915D-5C330348DDE3}.Debug|Any CPU.ActiveCfg = Debug|Any CPU
		{9FB083E8-E023-A8B2-915D-5C330348DDE3}.Debug|Any CPU.Build.0 = Debug|Any CPU
		{9FB083E8-E023-A8B2-915D-5C330348DDE3}.Release|Any CPU.ActiveCfg = Release|Any CPU
		{9FB083E8-E023-A8B2-915D-5C330348DDE3}.Release|Any CPU.Build.0 = Release|Any CPU
	EndGlobalSection
	GlobalSection(SolutionProperties) = preSolution
		HideSolutionNode = FALSE
	EndGlobalSection
	GlobalSection(ExtensibilityGlobals) = postSolution
		SolutionGuid = {47B17CB0-5166-4D0B-8DA4-0F5D38CFD5B4}
	EndGlobalSection
EndGlobal
